// !$*UTF8*$!
{
	archiveVersion = 1;
	classes = {
	};
	objectVersion = 46;
	objects = {

/* Begin PBXBuildFile section */
		A6432BE3183AD387009C01F5 /* MapaVC.m in Sources */ = {isa = PBXBuildFile; fileRef = A6432BE2183AD387009C01F5 /* MapaVC.m */; };
		A6432BE5183AD405009C01F5 /* GoogleMaps.framework in Frameworks */ = {isa = PBXBuildFile; fileRef = A6432BE4183AD405009C01F5 /* GoogleMaps.framework */; };
		A6432BE7183AD417009C01F5 /* GoogleMaps.bundle in Resources */ = {isa = PBXBuildFile; fileRef = A6432BE6183AD417009C01F5 /* GoogleMaps.bundle */; };
		A6432BE9183AD42D009C01F5 /* AVFoundation.framework in Frameworks */ = {isa = PBXBuildFile; fileRef = A6432BE8183AD42D009C01F5 /* AVFoundation.framework */; };
		A6432BEB183AD436009C01F5 /* CoreData.framework in Frameworks */ = {isa = PBXBuildFile; fileRef = A6432BEA183AD436009C01F5 /* CoreData.framework */; };
		A6432BED183AD43B009C01F5 /* CoreLocation.framework in Frameworks */ = {isa = PBXBuildFile; fileRef = A6432BEC183AD43B009C01F5 /* CoreLocation.framework */; };
		A6432BEF183AD443009C01F5 /* CoreText.framework in Frameworks */ = {isa = PBXBuildFile; fileRef = A6432BEE183AD443009C01F5 /* CoreText.framework */; };
		A6432BF1183AD44B009C01F5 /* GLKit.framework in Frameworks */ = {isa = PBXBuildFile; fileRef = A6432BF0183AD44B009C01F5 /* GLKit.framework */; };
		A6432BF3183AD455009C01F5 /* ImageIO.framework in Frameworks */ = {isa = PBXBuildFile; fileRef = A6432BF2183AD455009C01F5 /* ImageIO.framework */; };
		A6432BF5183AD45E009C01F5 /* libc++.dylib in Frameworks */ = {isa = PBXBuildFile; fileRef = A6432BF4183AD45E009C01F5 /* libc++.dylib */; };
		A6432BF7183AD46B009C01F5 /* libicucore.dylib in Frameworks */ = {isa = PBXBuildFile; fileRef = A6432BF6183AD46B009C01F5 /* libicucore.dylib */; };
		A6432BF9183AD474009C01F5 /* libz.dylib in Frameworks */ = {isa = PBXBuildFile; fileRef = A6432BF8183AD474009C01F5 /* libz.dylib */; };
		A6432BFB183AD47B009C01F5 /* OpenGLES.framework in Frameworks */ = {isa = PBXBuildFile; fileRef = A6432BFA183AD47B009C01F5 /* OpenGLES.framework */; };
		A6432BFD183AD482009C01F5 /* QuartzCore.framework in Frameworks */ = {isa = PBXBuildFile; fileRef = A6432BFC183AD482009C01F5 /* QuartzCore.framework */; };
		A6432BFF183AD48A009C01F5 /* SystemConfiguration.framework in Frameworks */ = {isa = PBXBuildFile; fileRef = A6432BFE183AD48A009C01F5 /* SystemConfiguration.framework */; };
		A6432C01183ADEA6009C01F5 /* casita.png in Resources */ = {isa = PBXBuildFile; fileRef = A6432C00183ADEA6009C01F5 /* casita.png */; };
		A7573A53183A943A00FC51C4 /* InmueblesProxy.m in Sources */ = {isa = PBXBuildFile; fileRef = A7573A52183A943A00FC51C4 /* InmueblesProxy.m */; };
		A7573A56183A961F00FC51C4 /* CasasTVC.m in Sources */ = {isa = PBXBuildFile; fileRef = A7573A55183A961F00FC51C4 /* CasasTVC.m */; };
		A7573A59183A969600FC51C4 /* DepartamentosTVC.m in Sources */ = {isa = PBXBuildFile; fileRef = A7573A58183A969600FC51C4 /* DepartamentosTVC.m */; };
		A7573A5C183A971D00FC51C4 /* TerrenosTVC.m in Sources */ = {isa = PBXBuildFile; fileRef = A7573A5B183A971C00FC51C4 /* TerrenosTVC.m */; };
		A7573A5F183A974200FC51C4 /* OtrosTVC.m in Sources */ = {isa = PBXBuildFile; fileRef = A7573A5E183A974200FC51C4 /* OtrosTVC.m */; };
		A7573A61183A987800FC51C4 /* btn_casa36x36.png in Resources */ = {isa = PBXBuildFile; fileRef = A7573A60183A987800FC51C4 /* btn_casa36x36.png */; };
		A7573A65183A992B00FC51C4 /* btn_dpto36x36.png in Resources */ = {isa = PBXBuildFile; fileRef = A7573A62183A992B00FC51C4 /* btn_dpto36x36.png */; };
		A7573A66183A992B00FC51C4 /* btn_otro36x36.png in Resources */ = {isa = PBXBuildFile; fileRef = A7573A63183A992B00FC51C4 /* btn_otro36x36.png */; };
		A7573A67183A992B00FC51C4 /* btn_terreno36x36.png in Resources */ = {isa = PBXBuildFile; fileRef = A7573A64183A992B00FC51C4 /* btn_terreno36x36.png */; };
		A7573A69183A9C9600FC51C4 /* btn_mapa36x36.png in Resources */ = {isa = PBXBuildFile; fileRef = A7573A68183A9C9600FC51C4 /* btn_mapa36x36.png */; };
		A7573A6B183A9DBB00FC51C4 /* btn_galeria36x36.png in Resources */ = {isa = PBXBuildFile; fileRef = A7573A6A183A9DBB00FC51C4 /* btn_galeria36x36.png */; };
		A7573A6D183A9E4800FC51C4 /* btn_contacto36x36.png in Resources */ = {isa = PBXBuildFile; fileRef = A7573A6C183A9E4800FC51C4 /* btn_contacto36x36.png */; };
		A7573A70183A9FAE00FC51C4 /* VerInmuebleVC.m in Sources */ = {isa = PBXBuildFile; fileRef = A7573A6F183A9FAE00FC51C4 /* VerInmuebleVC.m */; };
		A7573A73183AAAA600FC51C4 /* InmueblesBuilder.m in Sources */ = {isa = PBXBuildFile; fileRef = A7573A72183AAAA600FC51C4 /* InmueblesBuilder.m */; };
		A7573A75183AAAC400FC51C4 /* noImage300x225.png in Resources */ = {isa = PBXBuildFile; fileRef = A7573A74183AAAC400FC51C4 /* noImage300x225.png */; };
		A7AA0AFC1839A9F80039A1EC /* UIKit.framework in Frameworks */ = {isa = PBXBuildFile; fileRef = A7AA0AFB1839A9F80039A1EC /* UIKit.framework */; };
		A7AA0AFE1839A9F80039A1EC /* Foundation.framework in Frameworks */ = {isa = PBXBuildFile; fileRef = A7AA0AFD1839A9F80039A1EC /* Foundation.framework */; };
		A7AA0B001839A9F80039A1EC /* CoreGraphics.framework in Frameworks */ = {isa = PBXBuildFile; fileRef = A7AA0AFF1839A9F80039A1EC /* CoreGraphics.framework */; };
		A7AA0B061839A9F80039A1EC /* InfoPlist.strings in Resources */ = {isa = PBXBuildFile; fileRef = A7AA0B041839A9F80039A1EC /* InfoPlist.strings */; };
		A7AA0B081839A9F80039A1EC /* main.m in Sources */ = {isa = PBXBuildFile; fileRef = A7AA0B071839A9F80039A1EC /* main.m */; };
		A7AA0B0C1839A9F80039A1EC /* AppDelegate.m in Sources */ = {isa = PBXBuildFile; fileRef = A7AA0B0B1839A9F80039A1EC /* AppDelegate.m */; };
		A7AA0B151839A9F80039A1EC /* MainStoryboard_iPhone.storyboard in Resources */ = {isa = PBXBuildFile; fileRef = A7AA0B131839A9F80039A1EC /* MainStoryboard_iPhone.storyboard */; };
		A7AA0B181839A9F80039A1EC /* MainStoryboard_iPad.storyboard in Resources */ = {isa = PBXBuildFile; fileRef = A7AA0B161839A9F80039A1EC /* MainStoryboard_iPad.storyboard */; };
		A7B2CD211839D3E200EB72E8 /* AppIcon57x57.png in Resources */ = {isa = PBXBuildFile; fileRef = A7B2CD201839D3E200EB72E8 /* AppIcon57x57.png */; };
		A7B2CD231839D3E800EB72E8 /* AppIcon114x114.png in Resources */ = {isa = PBXBuildFile; fileRef = A7B2CD221839D3E800EB72E8 /* AppIcon114x114.png */; };
		A7B2CD251839D47000EB72E8 /* Default.png in Resources */ = {isa = PBXBuildFile; fileRef = A7B2CD241839D47000EB72E8 /* Default.png */; };
		A7B2CD271839D4AF00EB72E8 /* Default@2x.png in Resources */ = {isa = PBXBuildFile; fileRef = A7B2CD261839D4AF00EB72E8 /* Default@2x.png */; };
		A7B2CD2C1839D58700EB72E8 /* Default-568h@2x.png in Resources */ = {isa = PBXBuildFile; fileRef = A7B2CD2B1839D58700EB72E8 /* Default-568h@2x.png */; };
		A7B2CD2F1839D7E800EB72E8 /* Inmueble.m in Sources */ = {isa = PBXBuildFile; fileRef = A7B2CD2E1839D7E800EB72E8 /* Inmueble.m */; };
		A7B2CD321839D98F00EB72E8 /* InmueblesTVC.m in Sources */ = {isa = PBXBuildFile; fileRef = A7B2CD311839D98F00EB72E8 /* InmueblesTVC.m */; };
		A7B2CD351839DC6E00EB72E8 /* Inmuebles.m in Sources */ = {isa = PBXBuildFile; fileRef = A7B2CD341839DC6E00EB72E8 /* Inmuebles.m */; };
/* End PBXBuildFile section */

/* Begin PBXFileReference section */
		A6432BE1183AD387009C01F5 /* MapaVC.h */ = {isa = PBXFileReference; fileEncoding = 4; lastKnownFileType = sourcecode.c.h; path = MapaVC.h; sourceTree = "<group>"; };
		A6432BE2183AD387009C01F5 /* MapaVC.m */ = {isa = PBXFileReference; fileEncoding = 4; lastKnownFileType = sourcecode.c.objc; path = MapaVC.m; sourceTree = "<group>"; };
		A6432BE4183AD405009C01F5 /* GoogleMaps.framework */ = {isa = PBXFileReference; lastKnownFileType = wrapper.framework; path = GoogleMaps.framework; sourceTree = "<group>"; };
		A6432BE6183AD417009C01F5 /* GoogleMaps.bundle */ = {isa = PBXFileReference; lastKnownFileType = "wrapper.plug-in"; name = GoogleMaps.bundle; path = GoogleMaps.framework/Versions/A/Resources/GoogleMaps.bundle; sourceTree = "<group>"; };
		A6432BE8183AD42D009C01F5 /* AVFoundation.framework */ = {isa = PBXFileReference; lastKnownFileType = wrapper.framework; name = AVFoundation.framework; path = System/Library/Frameworks/AVFoundation.framework; sourceTree = SDKROOT; };
		A6432BEA183AD436009C01F5 /* CoreData.framework */ = {isa = PBXFileReference; lastKnownFileType = wrapper.framework; name = CoreData.framework; path = System/Library/Frameworks/CoreData.framework; sourceTree = SDKROOT; };
		A6432BEC183AD43B009C01F5 /* CoreLocation.framework */ = {isa = PBXFileReference; lastKnownFileType = wrapper.framework; name = CoreLocation.framework; path = System/Library/Frameworks/CoreLocation.framework; sourceTree = SDKROOT; };
		A6432BEE183AD443009C01F5 /* CoreText.framework */ = {isa = PBXFileReference; lastKnownFileType = wrapper.framework; name = CoreText.framework; path = System/Library/Frameworks/CoreText.framework; sourceTree = SDKROOT; };
		A6432BF0183AD44B009C01F5 /* GLKit.framework */ = {isa = PBXFileReference; lastKnownFileType = wrapper.framework; name = GLKit.framework; path = System/Library/Frameworks/GLKit.framework; sourceTree = SDKROOT; };
		A6432BF2183AD455009C01F5 /* ImageIO.framework */ = {isa = PBXFileReference; lastKnownFileType = wrapper.framework; name = ImageIO.framework; path = System/Library/Frameworks/ImageIO.framework; sourceTree = SDKROOT; };
		A6432BF4183AD45E009C01F5 /* libc++.dylib */ = {isa = PBXFileReference; lastKnownFileType = "compiled.mach-o.dylib"; name = "libc++.dylib"; path = "usr/lib/libc++.dylib"; sourceTree = SDKROOT; };
		A6432BF6183AD46B009C01F5 /* libicucore.dylib */ = {isa = PBXFileReference; lastKnownFileType = "compiled.mach-o.dylib"; name = libicucore.dylib; path = usr/lib/libicucore.dylib; sourceTree = SDKROOT; };
		A6432BF8183AD474009C01F5 /* libz.dylib */ = {isa = PBXFileReference; lastKnownFileType = "compiled.mach-o.dylib"; name = libz.dylib; path = usr/lib/libz.dylib; sourceTree = SDKROOT; };
		A6432BFA183AD47B009C01F5 /* OpenGLES.framework */ = {isa = PBXFileReference; lastKnownFileType = wrapper.framework; name = OpenGLES.framework; path = System/Library/Frameworks/OpenGLES.framework; sourceTree = SDKROOT; };
		A6432BFC183AD482009C01F5 /* QuartzCore.framework */ = {isa = PBXFileReference; lastKnownFileType = wrapper.framework; name = QuartzCore.framework; path = System/Library/Frameworks/QuartzCore.framework; sourceTree = SDKROOT; };
		A6432BFE183AD48A009C01F5 /* SystemConfiguration.framework */ = {isa = PBXFileReference; lastKnownFileType = wrapper.framework; name = SystemConfiguration.framework; path = System/Library/Frameworks/SystemConfiguration.framework; sourceTree = SDKROOT; };
		A6432C00183ADEA6009C01F5 /* casita.png */ = {isa = PBXFileReference; lastKnownFileType = image.png; path = casita.png; sourceTree = "<group>"; };
		A7573A51183A943A00FC51C4 /* InmueblesProxy.h */ = {isa = PBXFileReference; fileEncoding = 4; lastKnownFileType = sourcecode.c.h; name = InmueblesProxy.h; path = Modelos/InmueblesProxy.h; sourceTree = "<group>"; };
		A7573A52183A943A00FC51C4 /* InmueblesProxy.m */ = {isa = PBXFileReference; fileEncoding = 4; lastKnownFileType = sourcecode.c.objc; name = InmueblesProxy.m; path = Modelos/InmueblesProxy.m; sourceTree = "<group>"; };
		A7573A54183A961F00FC51C4 /* CasasTVC.h */ = {isa = PBXFileReference; fileEncoding = 4; lastKnownFileType = sourcecode.c.h; name = CasasTVC.h; path = Controladores/CasasTVC.h; sourceTree = "<group>"; };
		A7573A55183A961F00FC51C4 /* CasasTVC.m */ = {isa = PBXFileReference; fileEncoding = 4; lastKnownFileType = sourcecode.c.objc; name = CasasTVC.m; path = Controladores/CasasTVC.m; sourceTree = "<group>"; };
		A7573A57183A969600FC51C4 /* DepartamentosTVC.h */ = {isa = PBXFileReference; fileEncoding = 4; lastKnownFileType = sourcecode.c.h; name = DepartamentosTVC.h; path = Controladores/DepartamentosTVC.h; sourceTree = "<group>"; };
		A7573A58183A969600FC51C4 /* DepartamentosTVC.m */ = {isa = PBXFileReference; fileEncoding = 4; lastKnownFileType = sourcecode.c.objc; name = DepartamentosTVC.m; path = Controladores/DepartamentosTVC.m; sourceTree = "<group>"; };
		A7573A5A183A971C00FC51C4 /* TerrenosTVC.h */ = {isa = PBXFileReference; fileEncoding = 4; lastKnownFileType = sourcecode.c.h; name = TerrenosTVC.h; path = Controladores/TerrenosTVC.h; sourceTree = "<group>"; };
		A7573A5B183A971C00FC51C4 /* TerrenosTVC.m */ = {isa = PBXFileReference; fileEncoding = 4; lastKnownFileType = sourcecode.c.objc; name = TerrenosTVC.m; path = Controladores/TerrenosTVC.m; sourceTree = "<group>"; };
		A7573A5D183A974200FC51C4 /* OtrosTVC.h */ = {isa = PBXFileReference; fileEncoding = 4; lastKnownFileType = sourcecode.c.h; name = OtrosTVC.h; path = Controladores/OtrosTVC.h; sourceTree = "<group>"; };
		A7573A5E183A974200FC51C4 /* OtrosTVC.m */ = {isa = PBXFileReference; fileEncoding = 4; lastKnownFileType = sourcecode.c.objc; name = OtrosTVC.m; path = Controladores/OtrosTVC.m; sourceTree = "<group>"; };
		A7573A60183A987800FC51C4 /* btn_casa36x36.png */ = {isa = PBXFileReference; lastKnownFileType = image.png; path = btn_casa36x36.png; sourceTree = "<group>"; };
		A7573A62183A992B00FC51C4 /* btn_dpto36x36.png */ = {isa = PBXFileReference; lastKnownFileType = image.png; path = btn_dpto36x36.png; sourceTree = "<group>"; };
		A7573A63183A992B00FC51C4 /* btn_otro36x36.png */ = {isa = PBXFileReference; lastKnownFileType = image.png; path = btn_otro36x36.png; sourceTree = "<group>"; };
		A7573A64183A992B00FC51C4 /* btn_terreno36x36.png */ = {isa = PBXFileReference; lastKnownFileType = image.png; path = btn_terreno36x36.png; sourceTree = "<group>"; };
		A7573A68183A9C9600FC51C4 /* btn_mapa36x36.png */ = {isa = PBXFileReference; lastKnownFileType = image.png; path = btn_mapa36x36.png; sourceTree = "<group>"; };
		A7573A6A183A9DBB00FC51C4 /* btn_galeria36x36.png */ = {isa = PBXFileReference; lastKnownFileType = image.png; path = btn_galeria36x36.png; sourceTree = "<group>"; };
		A7573A6C183A9E4800FC51C4 /* btn_contacto36x36.png */ = {isa = PBXFileReference; lastKnownFileType = image.png; path = btn_contacto36x36.png; sourceTree = "<group>"; };
		A7573A6E183A9FAE00FC51C4 /* VerInmuebleVC.h */ = {isa = PBXFileReference; fileEncoding = 4; lastKnownFileType = sourcecode.c.h; name = VerInmuebleVC.h; path = Controladores/VerInmuebleVC.h; sourceTree = "<group>"; };
		A7573A6F183A9FAE00FC51C4 /* VerInmuebleVC.m */ = {isa = PBXFileReference; fileEncoding = 4; lastKnownFileType = sourcecode.c.objc; name = VerInmuebleVC.m; path = Controladores/VerInmuebleVC.m; sourceTree = "<group>"; };
		A7573A71183AAAA600FC51C4 /* InmueblesBuilder.h */ = {isa = PBXFileReference; fileEncoding = 4; lastKnownFileType = sourcecode.c.h; name = InmueblesBuilder.h; path = Modelos/InmueblesBuilder.h; sourceTree = "<group>"; };
		A7573A72183AAAA600FC51C4 /* InmueblesBuilder.m */ = {isa = PBXFileReference; fileEncoding = 4; lastKnownFileType = sourcecode.c.objc; name = InmueblesBuilder.m; path = Modelos/InmueblesBuilder.m; sourceTree = "<group>"; };
		A7573A74183AAAC400FC51C4 /* noImage300x225.png */ = {isa = PBXFileReference; lastKnownFileType = image.png; path = noImage300x225.png; sourceTree = "<group>"; };
		A7AA0AF81839A9F80039A1EC /* CasasQueretaro.app */ = {isa = PBXFileReference; explicitFileType = wrapper.application; includeInIndex = 0; path = CasasQueretaro.app; sourceTree = BUILT_PRODUCTS_DIR; };
		A7AA0AFB1839A9F80039A1EC /* UIKit.framework */ = {isa = PBXFileReference; lastKnownFileType = wrapper.framework; name = UIKit.framework; path = System/Library/Frameworks/UIKit.framework; sourceTree = SDKROOT; };
		A7AA0AFD1839A9F80039A1EC /* Foundation.framework */ = {isa = PBXFileReference; lastKnownFileType = wrapper.framework; name = Foundation.framework; path = System/Library/Frameworks/Foundation.framework; sourceTree = SDKROOT; };
		A7AA0AFF1839A9F80039A1EC /* CoreGraphics.framework */ = {isa = PBXFileReference; lastKnownFileType = wrapper.framework; name = CoreGraphics.framework; path = System/Library/Frameworks/CoreGraphics.framework; sourceTree = SDKROOT; };
		A7AA0B031839A9F80039A1EC /* CasasQueretaro-Info.plist */ = {isa = PBXFileReference; lastKnownFileType = text.plist.xml; path = "CasasQueretaro-Info.plist"; sourceTree = "<group>"; };
		A7AA0B051839A9F80039A1EC /* en */ = {isa = PBXFileReference; lastKnownFileType = text.plist.strings; name = en; path = en.lproj/InfoPlist.strings; sourceTree = "<group>"; };
		A7AA0B071839A9F80039A1EC /* main.m */ = {isa = PBXFileReference; lastKnownFileType = sourcecode.c.objc; path = main.m; sourceTree = "<group>"; };
		A7AA0B091839A9F80039A1EC /* CasasQueretaro-Prefix.pch */ = {isa = PBXFileReference; lastKnownFileType = sourcecode.c.h; path = "CasasQueretaro-Prefix.pch"; sourceTree = "<group>"; };
		A7AA0B0A1839A9F80039A1EC /* AppDelegate.h */ = {isa = PBXFileReference; lastKnownFileType = sourcecode.c.h; path = AppDelegate.h; sourceTree = "<group>"; };
		A7AA0B0B1839A9F80039A1EC /* AppDelegate.m */ = {isa = PBXFileReference; lastKnownFileType = sourcecode.c.objc; path = AppDelegate.m; sourceTree = "<group>"; };
		A7AA0B141839A9F80039A1EC /* en */ = {isa = PBXFileReference; lastKnownFileType = file.storyboard; name = en; path = en.lproj/MainStoryboard_iPhone.storyboard; sourceTree = "<group>"; };
		A7AA0B171839A9F80039A1EC /* en */ = {isa = PBXFileReference; lastKnownFileType = file.storyboard; name = en; path = en.lproj/MainStoryboard_iPad.storyboard; sourceTree = "<group>"; };
		A7B2CD201839D3E200EB72E8 /* AppIcon57x57.png */ = {isa = PBXFileReference; lastKnownFileType = image.png; path = AppIcon57x57.png; sourceTree = "<group>"; };
		A7B2CD221839D3E800EB72E8 /* AppIcon114x114.png */ = {isa = PBXFileReference; lastKnownFileType = image.png; path = AppIcon114x114.png; sourceTree = "<group>"; };
		A7B2CD241839D47000EB72E8 /* Default.png */ = {isa = PBXFileReference; lastKnownFileType = image.png; path = Default.png; sourceTree = "<group>"; };
		A7B2CD261839D4AF00EB72E8 /* Default@2x.png */ = {isa = PBXFileReference; lastKnownFileType = image.png; path = "Default@2x.png"; sourceTree = "<group>"; };
		A7B2CD2B1839D58700EB72E8 /* Default-568h@2x.png */ = {isa = PBXFileReference; lastKnownFileType = image.png; path = "Default-568h@2x.png"; sourceTree = "<group>"; };
		A7B2CD2D1839D7E800EB72E8 /* Inmueble.h */ = {isa = PBXFileReference; fileEncoding = 4; lastKnownFileType = sourcecode.c.h; name = Inmueble.h; path = Modelos/Inmueble.h; sourceTree = "<group>"; };
		A7B2CD2E1839D7E800EB72E8 /* Inmueble.m */ = {isa = PBXFileReference; fileEncoding = 4; lastKnownFileType = sourcecode.c.objc; name = Inmueble.m; path = Modelos/Inmueble.m; sourceTree = "<group>"; };
		A7B2CD301839D98F00EB72E8 /* InmueblesTVC.h */ = {isa = PBXFileReference; fileEncoding = 4; lastKnownFileType = sourcecode.c.h; name = InmueblesTVC.h; path = Controladores/InmueblesTVC.h; sourceTree = "<group>"; };
		A7B2CD311839D98F00EB72E8 /* InmueblesTVC.m */ = {isa = PBXFileReference; fileEncoding = 4; lastKnownFileType = sourcecode.c.objc; name = InmueblesTVC.m; path = Controladores/InmueblesTVC.m; sourceTree = "<group>"; };
		A7B2CD331839DC6E00EB72E8 /* Inmuebles.h */ = {isa = PBXFileReference; fileEncoding = 4; lastKnownFileType = sourcecode.c.h; name = Inmuebles.h; path = Modelos/Inmuebles.h; sourceTree = "<group>"; };
		A7B2CD341839DC6E00EB72E8 /* Inmuebles.m */ = {isa = PBXFileReference; fileEncoding = 4; lastKnownFileType = sourcecode.c.objc; name = Inmuebles.m; path = Modelos/Inmuebles.m; sourceTree = "<group>"; };
/* End PBXFileReference section */

/* Begin PBXFrameworksBuildPhase section */
		A7AA0AF51839A9F80039A1EC /* Frameworks */ = {
			isa = PBXFrameworksBuildPhase;
			buildActionMask = 2147483647;
			files = (
				A6432BFF183AD48A009C01F5 /* SystemConfiguration.framework in Frameworks */,
				A6432BFD183AD482009C01F5 /* QuartzCore.framework in Frameworks */,
				A6432BFB183AD47B009C01F5 /* OpenGLES.framework in Frameworks */,
				A6432BF9183AD474009C01F5 /* libz.dylib in Frameworks */,
				A6432BF7183AD46B009C01F5 /* libicucore.dylib in Frameworks */,
				A6432BF5183AD45E009C01F5 /* libc++.dylib in Frameworks */,
				A6432BF3183AD455009C01F5 /* ImageIO.framework in Frameworks */,
				A6432BF1183AD44B009C01F5 /* GLKit.framework in Frameworks */,
				A6432BEF183AD443009C01F5 /* CoreText.framework in Frameworks */,
				A6432BED183AD43B009C01F5 /* CoreLocation.framework in Frameworks */,
				A6432BEB183AD436009C01F5 /* CoreData.framework in Frameworks */,
				A6432BE9183AD42D009C01F5 /* AVFoundation.framework in Frameworks */,
				A7AA0AFC1839A9F80039A1EC /* UIKit.framework in Frameworks */,
				A7AA0AFE1839A9F80039A1EC /* Foundation.framework in Frameworks */,
				A7AA0B001839A9F80039A1EC /* CoreGraphics.framework in Frameworks */,
				A6432BE5183AD405009C01F5 /* GoogleMaps.framework in Frameworks */,
			);
			runOnlyForDeploymentPostprocessing = 0;
		};
/* End PBXFrameworksBuildPhase section */

/* Begin PBXGroup section */
		A7AA0AEF1839A9F80039A1EC = {
			isa = PBXGroup;
			children = (
				A7AA0B011839A9F80039A1EC /* CasasQueretaro */,
				A7AA0AFA1839A9F80039A1EC /* Frameworks */,
				A7AA0AF91839A9F80039A1EC /* Products */,
			);
			sourceTree = "<group>";
		};
		A7AA0AF91839A9F80039A1EC /* Products */ = {
			isa = PBXGroup;
			children = (
				A7AA0AF81839A9F80039A1EC /* CasasQueretaro.app */,
			);
			name = Products;
			sourceTree = "<group>";
		};
		A7AA0AFA1839A9F80039A1EC /* Frameworks */ = {
			isa = PBXGroup;
			children = (
				A6432BFE183AD48A009C01F5 /* SystemConfiguration.framework */,
				A6432BFC183AD482009C01F5 /* QuartzCore.framework */,
				A6432BFA183AD47B009C01F5 /* OpenGLES.framework */,
				A6432BF8183AD474009C01F5 /* libz.dylib */,
				A6432BF6183AD46B009C01F5 /* libicucore.dylib */,
				A6432BF4183AD45E009C01F5 /* libc++.dylib */,
				A6432BF2183AD455009C01F5 /* ImageIO.framework */,
				A6432BF0183AD44B009C01F5 /* GLKit.framework */,
				A6432BEE183AD443009C01F5 /* CoreText.framework */,
				A6432BEC183AD43B009C01F5 /* CoreLocation.framework */,
				A6432BEA183AD436009C01F5 /* CoreData.framework */,
				A6432BE8183AD42D009C01F5 /* AVFoundation.framework */,
				A6432BE6183AD417009C01F5 /* GoogleMaps.bundle */,
				A6432BE4183AD405009C01F5 /* GoogleMaps.framework */,
				A7AA0AFB1839A9F80039A1EC /* UIKit.framework */,
				A7AA0AFD1839A9F80039A1EC /* Foundation.framework */,
				A7AA0AFF1839A9F80039A1EC /* CoreGraphics.framework */,
			);
			name = Frameworks;
			sourceTree = "<group>";
		};
		A7AA0B011839A9F80039A1EC /* CasasQueretaro */ = {
			isa = PBXGroup;
			children = (
				A7B2CD1F1839D09A00EB72E8 /* Controllers */,
				A7B2CD2A1839D50F00EB72E8 /* Models */,
				A7B2CD291839D50900EB72E8 /* Views */,
				A7B2CD281839D4C700EB72E8 /* Images */,
				A7AA0B021839A9F80039A1EC /* Supporting Files */,
			);
			path = CasasQueretaro;
			sourceTree = "<group>";
		};
		A7AA0B021839A9F80039A1EC /* Supporting Files */ = {
			isa = PBXGroup;
			children = (
				A7AA0B0A1839A9F80039A1EC /* AppDelegate.h */,
				A7AA0B0B1839A9F80039A1EC /* AppDelegate.m */,
				A7AA0B031839A9F80039A1EC /* CasasQueretaro-Info.plist */,
				A7AA0B041839A9F80039A1EC /* InfoPlist.strings */,
				A7AA0B071839A9F80039A1EC /* main.m */,
				A7AA0B091839A9F80039A1EC /* CasasQueretaro-Prefix.pch */,
			);
			name = "Supporting Files";
			sourceTree = "<group>";
		};
		A7B2CD1F1839D09A00EB72E8 /* Controllers */ = {
			isa = PBXGroup;
			children = (
				A7B2CD301839D98F00EB72E8 /* InmueblesTVC.h */,
				A7B2CD311839D98F00EB72E8 /* InmueblesTVC.m */,
				A7573A54183A961F00FC51C4 /* CasasTVC.h */,
				A7573A55183A961F00FC51C4 /* CasasTVC.m */,
				A7573A57183A969600FC51C4 /* DepartamentosTVC.h */,
				A7573A58183A969600FC51C4 /* DepartamentosTVC.m */,
				A7573A5A183A971C00FC51C4 /* TerrenosTVC.h */,
				A7573A5B183A971C00FC51C4 /* TerrenosTVC.m */,
				A7573A5D183A974200FC51C4 /* OtrosTVC.h */,
				A7573A5E183A974200FC51C4 /* OtrosTVC.m */,
				A7573A6E183A9FAE00FC51C4 /* VerInmuebleVC.h */,
				A7573A6F183A9FAE00FC51C4 /* VerInmuebleVC.m */,
				A6432BE1183AD387009C01F5 /* MapaVC.h */,
				A6432BE2183AD387009C01F5 /* MapaVC.m */,
			);
			name = Controllers;
			sourceTree = "<group>";
		};
		A7B2CD281839D4C700EB72E8 /* Images */ = {
			isa = PBXGroup;
			children = (
				A7573A74183AAAC400FC51C4 /* noImage300x225.png */,
				A7573A6C183A9E4800FC51C4 /* btn_contacto36x36.png */,
				A7573A6A183A9DBB00FC51C4 /* btn_galeria36x36.png */,
				A7573A68183A9C9600FC51C4 /* btn_mapa36x36.png */,
				A7573A62183A992B00FC51C4 /* btn_dpto36x36.png */,
				A7573A63183A992B00FC51C4 /* btn_otro36x36.png */,
				A7573A64183A992B00FC51C4 /* btn_terreno36x36.png */,
				A7573A60183A987800FC51C4 /* btn_casa36x36.png */,
				A7B2CD2B1839D58700EB72E8 /* Default-568h@2x.png */,
				A7B2CD261839D4AF00EB72E8 /* Default@2x.png */,
				A7B2CD241839D47000EB72E8 /* Default.png */,
				A7B2CD221839D3E800EB72E8 /* AppIcon114x114.png */,
				A7B2CD201839D3E200EB72E8 /* AppIcon57x57.png */,
				A6432C00183ADEA6009C01F5 /* casita.png */,
			);
			name = Images;
			path = ..;
			sourceTree = "<group>";
		};
		A7B2CD291839D50900EB72E8 /* Views */ = {
			isa = PBXGroup;
			children = (
				A7AA0B131839A9F80039A1EC /* MainStoryboard_iPhone.storyboard */,
				A7AA0B161839A9F80039A1EC /* MainStoryboard_iPad.storyboard */,
			);
			name = Views;
			sourceTree = "<group>";
		};
		A7B2CD2A1839D50F00EB72E8 /* Models */ = {
			isa = PBXGroup;
			children = (
				A7573A71183AAAA600FC51C4 /* InmueblesBuilder.h */,
				A7573A72183AAAA600FC51C4 /* InmueblesBuilder.m */,
				A7B2CD2D1839D7E800EB72E8 /* Inmueble.h */,
				A7B2CD2E1839D7E800EB72E8 /* Inmueble.m */,
				A7B2CD331839DC6E00EB72E8 /* Inmuebles.h */,
				A7B2CD341839DC6E00EB72E8 /* Inmuebles.m */,
				A7573A51183A943A00FC51C4 /* InmueblesProxy.h */,
				A7573A52183A943A00FC51C4 /* InmueblesProxy.m */,
			);
			name = Models;
			sourceTree = "<group>";
		};
/* End PBXGroup section */

/* Begin PBXNativeTarget section */
		A7AA0AF71839A9F80039A1EC /* CasasQueretaro */ = {
			isa = PBXNativeTarget;
			buildConfigurationList = A7AA0B1E1839A9F80039A1EC /* Build configuration list for PBXNativeTarget "CasasQueretaro" */;
			buildPhases = (
				A7AA0AF41839A9F80039A1EC /* Sources */,
				A7AA0AF51839A9F80039A1EC /* Frameworks */,
				A7AA0AF61839A9F80039A1EC /* Resources */,
			);
			buildRules = (
			);
			dependencies = (
			);
			name = CasasQueretaro;
			productName = CasasQueretaro;
			productReference = A7AA0AF81839A9F80039A1EC /* CasasQueretaro.app */;
			productType = "com.apple.product-type.application";
		};
/* End PBXNativeTarget section */

/* Begin PBXProject section */
		A7AA0AF01839A9F80039A1EC /* Project object */ = {
			isa = PBXProject;
			attributes = {
				LastUpgradeCheck = 0460;
				ORGANIZATIONNAME = "Guillermo Hernandez";
			};
			buildConfigurationList = A7AA0AF31839A9F80039A1EC /* Build configuration list for PBXProject "CasasQueretaro" */;
			compatibilityVersion = "Xcode 3.2";
			developmentRegion = English;
			hasScannedForEncodings = 0;
			knownRegions = (
				en,
			);
			mainGroup = A7AA0AEF1839A9F80039A1EC;
			productRefGroup = A7AA0AF91839A9F80039A1EC /* Products */;
			projectDirPath = "";
			projectRoot = "";
			targets = (
				A7AA0AF71839A9F80039A1EC /* CasasQueretaro */,
			);
		};
/* End PBXProject section */

/* Begin PBXResourcesBuildPhase section */
		A7AA0AF61839A9F80039A1EC /* Resources */ = {
			isa = PBXResourcesBuildPhase;
			buildActionMask = 2147483647;
			files = (
				A7AA0B061839A9F80039A1EC /* InfoPlist.strings in Resources */,
				A7AA0B151839A9F80039A1EC /* MainStoryboard_iPhone.storyboard in Resources */,
				A7AA0B181839A9F80039A1EC /* MainStoryboard_iPad.storyboard in Resources */,
				A7B2CD211839D3E200EB72E8 /* AppIcon57x57.png in Resources */,
				A7B2CD231839D3E800EB72E8 /* AppIcon114x114.png in Resources */,
				A7B2CD251839D47000EB72E8 /* Default.png in Resources */,
				A7B2CD271839D4AF00EB72E8 /* Default@2x.png in Resources */,
				A7B2CD2C1839D58700EB72E8 /* Default-568h@2x.png in Resources */,
				A7573A61183A987800FC51C4 /* btn_casa36x36.png in Resources */,
				A7573A65183A992B00FC51C4 /* btn_dpto36x36.png in Resources */,
				A7573A66183A992B00FC51C4 /* btn_otro36x36.png in Resources */,
				A7573A67183A992B00FC51C4 /* btn_terreno36x36.png in Resources */,
				A7573A69183A9C9600FC51C4 /* btn_mapa36x36.png in Resources */,
				A7573A6B183A9DBB00FC51C4 /* btn_galeria36x36.png in Resources */,
				A7573A6D183A9E4800FC51C4 /* btn_contacto36x36.png in Resources */,
				A7573A75183AAAC400FC51C4 /* noImage300x225.png in Resources */,
				A6432BE7183AD417009C01F5 /* GoogleMaps.bundle in Resources */,
				A6432C01183ADEA6009C01F5 /* casita.png in Resources */,
			);
			runOnlyForDeploymentPostprocessing = 0;
		};
/* End PBXResourcesBuildPhase section */

/* Begin PBXSourcesBuildPhase section */
		A7AA0AF41839A9F80039A1EC /* Sources */ = {
			isa = PBXSourcesBuildPhase;
			buildActionMask = 2147483647;
			files = (
				A7AA0B081839A9F80039A1EC /* main.m in Sources */,
				A7AA0B0C1839A9F80039A1EC /* AppDelegate.m in Sources */,
				A7B2CD2F1839D7E800EB72E8 /* Inmueble.m in Sources */,
				A7B2CD321839D98F00EB72E8 /* InmueblesTVC.m in Sources */,
				A7B2CD351839DC6E00EB72E8 /* Inmuebles.m in Sources */,
				A7573A53183A943A00FC51C4 /* InmueblesProxy.m in Sources */,
				A7573A56183A961F00FC51C4 /* CasasTVC.m in Sources */,
				A7573A59183A969600FC51C4 /* DepartamentosTVC.m in Sources */,
				A7573A5C183A971D00FC51C4 /* TerrenosTVC.m in Sources */,
				A7573A5F183A974200FC51C4 /* OtrosTVC.m in Sources */,
				A7573A70183A9FAE00FC51C4 /* VerInmuebleVC.m in Sources */,
				A7573A73183AAAA600FC51C4 /* InmueblesBuilder.m in Sources */,
				A6432BE3183AD387009C01F5 /* MapaVC.m in Sources */,
			);
			runOnlyForDeploymentPostprocessing = 0;
		};
/* End PBXSourcesBuildPhase section */

/* Begin PBXVariantGroup section */
		A7AA0B041839A9F80039A1EC /* InfoPlist.strings */ = {
			isa = PBXVariantGroup;
			children = (
				A7AA0B051839A9F80039A1EC /* en */,
			);
			name = InfoPlist.strings;
			sourceTree = "<group>";
		};
		A7AA0B131839A9F80039A1EC /* MainStoryboard_iPhone.storyboard */ = {
			isa = PBXVariantGroup;
			children = (
				A7AA0B141839A9F80039A1EC /* en */,
			);
			name = MainStoryboard_iPhone.storyboard;
			sourceTree = "<group>";
		};
		A7AA0B161839A9F80039A1EC /* MainStoryboard_iPad.storyboard */ = {
			isa = PBXVariantGroup;
			children = (
				A7AA0B171839A9F80039A1EC /* en */,
			);
			name = MainStoryboard_iPad.storyboard;
			sourceTree = "<group>";
		};
/* End PBXVariantGroup section */

/* Begin XCBuildConfiguration section */
		A7AA0B1C1839A9F80039A1EC /* Debug */ = {
			isa = XCBuildConfiguration;
			buildSettings = {
				ALWAYS_SEARCH_USER_PATHS = NO;
				CLANG_CXX_LANGUAGE_STANDARD = "gnu++0x";
				CLANG_CXX_LIBRARY = "libc++";
				CLANG_ENABLE_OBJC_ARC = YES;
				CLANG_WARN_CONSTANT_CONVERSION = YES;
				CLANG_WARN_EMPTY_BODY = YES;
				CLANG_WARN_ENUM_CONVERSION = YES;
				CLANG_WARN_INT_CONVERSION = YES;
				CLANG_WARN__DUPLICATE_METHOD_MATCH = YES;
				"CODE_SIGN_IDENTITY[sdk=iphoneos*]" = "iPhone Developer";
				COPY_PHASE_STRIP = NO;
				GCC_C_LANGUAGE_STANDARD = gnu99;
				GCC_DYNAMIC_NO_PIC = NO;
				GCC_OPTIMIZATION_LEVEL = 0;
				GCC_PREPROCESSOR_DEFINITIONS = (
					"DEBUG=1",
					"$(inherited)",
				);
				GCC_SYMBOLS_PRIVATE_EXTERN = NO;
				GCC_WARN_ABOUT_RETURN_TYPE = YES;
				GCC_WARN_UNINITIALIZED_AUTOS = YES;
				GCC_WARN_UNUSED_VARIABLE = YES;
				IPHONEOS_DEPLOYMENT_TARGET = 6.1;
				ONLY_ACTIVE_ARCH = YES;
				"OTHER_LDFLAGS[arch=*]" = "-ObjC";
				SDKROOT = iphoneos;
				TARGETED_DEVICE_FAMILY = "1,2";
			};
			name = Debug;
		};
		A7AA0B1D1839A9F80039A1EC /* Release */ = {
			isa = XCBuildConfiguration;
			buildSettings = {
				ALWAYS_SEARCH_USER_PATHS = NO;
				CLANG_CXX_LANGUAGE_STANDARD = "gnu++0x";
				CLANG_CXX_LIBRARY = "libc++";
				CLANG_ENABLE_OBJC_ARC = YES;
				CLANG_WARN_CONSTANT_CONVERSION = YES;
				CLANG_WARN_EMPTY_BODY = YES;
				CLANG_WARN_ENUM_CONVERSION = YES;
				CLANG_WARN_INT_CONVERSION = YES;
				CLANG_WARN__DUPLICATE_METHOD_MATCH = YES;
				"CODE_SIGN_IDENTITY[sdk=iphoneos*]" = "iPhone Developer";
				COPY_PHASE_STRIP = YES;
				GCC_C_LANGUAGE_STANDARD = gnu99;
				GCC_WARN_ABOUT_RETURN_TYPE = YES;
				GCC_WARN_UNINITIALIZED_AUTOS = YES;
				GCC_WARN_UNUSED_VARIABLE = YES;
				IPHONEOS_DEPLOYMENT_TARGET = 6.1;
				OTHER_CFLAGS = "-DNS_BLOCK_ASSERTIONS=1";
				"OTHER_LDFLAGS[arch=*]" = "-ObjC";
				SDKROOT = iphoneos;
				TARGETED_DEVICE_FAMILY = "1,2";
				VALIDATE_PRODUCT = YES;
			};
			name = Release;
		};
		A7AA0B1F1839A9F80039A1EC /* Debug */ = {
			isa = XCBuildConfiguration;
			buildSettings = {
				FRAMEWORK_SEARCH_PATHS = (
					"$(inherited)",
					"\"$(SRCROOT)\"",
				);
				GCC_PRECOMPILE_PREFIX_HEADER = YES;
				GCC_PREFIX_HEADER = "CasasQueretaro/CasasQueretaro-Prefix.pch";
				INFOPLIST_FILE = "CasasQueretaro/CasasQueretaro-Info.plist";
				PRODUCT_NAME = "$(TARGET_NAME)";
				TARGETED_DEVICE_FAMILY = 1;
				WRAPPER_EXTENSION = app;
			};
			name = Debug;
		};
		A7AA0B201839A9F80039A1EC /* Release */ = {
			isa = XCBuildConfiguration;
			buildSettings = {
				FRAMEWORK_SEARCH_PATHS = (
					"$(inherited)",
					"\"$(SRCROOT)\"",
				);
				GCC_PRECOMPILE_PREFIX_HEADER = YES;
				GCC_PREFIX_HEADER = "CasasQueretaro/CasasQueretaro-Prefix.pch";
				INFOPLIST_FILE = "CasasQueretaro/CasasQueretaro-Info.plist";
				PRODUCT_NAME = "$(TARGET_NAME)";
				TARGETED_DEVICE_FAMILY = 1;
				WRAPPER_EXTENSION = app;
			};
			name = Release;
		};
/* End XCBuildConfiguration section */

/* Begin XCConfigurationList section */
		A7AA0AF31839A9F80039A1EC /* Build configuration list for PBXProject "CasasQueretaro" */ = {
			isa = XCConfigurationList;
			buildConfigurations = (
				A7AA0B1C1839A9F80039A1EC /* Debug */,
				A7AA0B1D1839A9F80039A1EC /* Release */,
			);
			defaultConfigurationIsVisible = 0;
			defaultConfigurationName = Release;
		};
		A7AA0B1E1839A9F80039A1EC /* Build configuration list for PBXNativeTarget "CasasQueretaro" */ = {
			isa = XCConfigurationList;
			buildConfigurations = (
				A7AA0B1F1839A9F80039A1EC /* Debug */,
				A7AA0B201839A9F80039A1EC /* Release */,
			);
			defaultConfigurationIsVisible = 0;
			defaultConfigurationName = Release;
		};
/* End XCConfigurationList section */
	};
	rootObject = A7AA0AF01839A9F80039A1EC /* Project object */;
}
